// !$*UTF8*$!
{
	archiveVersion = 1;
	classes = {
	};
	objectVersion = 56;
	objects = {

/* Begin PBXBuildFile section */
		640A3EF22BFF8CED00B4F758 /* PromptManager.swift in Sources */ = {isa = PBXBuildFile; fileRef = 640A3EF12BFF8CED00B4F758 /* PromptManager.swift */; };
		640A3EFA2BFF96E200B4F758 /* Prompts.swift in Sources */ = {isa = PBXBuildFile; fileRef = 640A3EF92BFF96E200B4F758 /* Prompts.swift */; };
		640A3F1E2C00CF6B00B4F758 /* prompts.json in Resources */ = {isa = PBXBuildFile; fileRef = 640A3F1D2C00CF6B00B4F758 /* prompts.json */; };
		640A3F432C060FF200B4F758 /* Chalkboard-Regular.ttf in Resources */ = {isa = PBXBuildFile; fileRef = 640A3F422C060FF200B4F758 /* Chalkboard-Regular.ttf */; };
		640A3F472C0618A300B4F758 /* EditTextEntryView.swift in Sources */ = {isa = PBXBuildFile; fileRef = 640A3F462C0618A300B4F758 /* EditTextEntryView.swift */; };
		640A3F492C061AAB00B4F758 /* TextEntry.swift in Sources */ = {isa = PBXBuildFile; fileRef = 640A3F482C061AAB00B4F758 /* TextEntry.swift */; };
		640A3F4B2C061DE900B4F758 /* PromptView.swift in Sources */ = {isa = PBXBuildFile; fileRef = 640A3F4A2C061DE900B4F758 /* PromptView.swift */; };
		641CCEC32BFA671300830581 /* LoadScreen.swift in Sources */ = {isa = PBXBuildFile; fileRef = 641CCEC22BFA671300830581 /* LoadScreen.swift */; };
		642C504A2BEA829F007FECBD /* EZArtApp.swift in Sources */ = {isa = PBXBuildFile; fileRef = 642C50492BEA829F007FECBD /* EZArtApp.swift */; };
		642C504C2BEA829F007FECBD /* ContentView.swift in Sources */ = {isa = PBXBuildFile; fileRef = 642C504B2BEA829F007FECBD /* ContentView.swift */; };
		642C504E2BEA82A1007FECBD /* Assets.xcassets in Resources */ = {isa = PBXBuildFile; fileRef = 642C504D2BEA82A1007FECBD /* Assets.xcassets */; };
		642C50512BEA82A1007FECBD /* Preview Assets.xcassets in Resources */ = {isa = PBXBuildFile; fileRef = 642C50502BEA82A1007FECBD /* Preview Assets.xcassets */; };
		648B38CB2BFE36D1009C3F53 /* Onboarding.swift in Sources */ = {isa = PBXBuildFile; fileRef = 648B38CA2BFE36D1009C3F53 /* Onboarding.swift */; };
		648B38CF2BFE3A09009C3F53 /* Notifications.swift in Sources */ = {isa = PBXBuildFile; fileRef = 648B38CE2BFE3A09009C3F53 /* Notifications.swift */; };
/* End PBXBuildFile section */

/* Begin PBXFileReference section */
		640A3EF12BFF8CED00B4F758 /* PromptManager.swift */ = {isa = PBXFileReference; lastKnownFileType = sourcecode.swift; path = PromptManager.swift; sourceTree = "<group>"; };
		640A3EF92BFF96E200B4F758 /* Prompts.swift */ = {isa = PBXFileReference; lastKnownFileType = sourcecode.swift; path = Prompts.swift; sourceTree = "<group>"; };
		640A3F1D2C00CF6B00B4F758 /* prompts.json */ = {isa = PBXFileReference; lastKnownFileType = text.json; path = prompts.json; sourceTree = "<group>"; };
		640A3F422C060FF200B4F758 /* Chalkboard-Regular.ttf */ = {isa = PBXFileReference; lastKnownFileType = file; path = "Chalkboard-Regular.ttf"; sourceTree = "<group>"; };
		640A3F442C06102300B4F758 /* Info.plist */ = {isa = PBXFileReference; lastKnownFileType = text.plist; path = Info.plist; sourceTree = "<group>"; };
		640A3F462C0618A300B4F758 /* EditTextEntryView.swift */ = {isa = PBXFileReference; lastKnownFileType = sourcecode.swift; path = EditTextEntryView.swift; sourceTree = "<group>"; };
		640A3F482C061AAB00B4F758 /* TextEntry.swift */ = {isa = PBXFileReference; lastKnownFileType = sourcecode.swift; path = TextEntry.swift; sourceTree = "<group>"; };
		640A3F4A2C061DE900B4F758 /* PromptView.swift */ = {isa = PBXFileReference; lastKnownFileType = sourcecode.swift; path = PromptView.swift; sourceTree = "<group>"; };
		641CCEC22BFA671300830581 /* LoadScreen.swift */ = {isa = PBXFileReference; lastKnownFileType = sourcecode.swift; path = LoadScreen.swift; sourceTree = "<group>"; };
		642C50462BEA829F007FECBD /* EZArt.app */ = {isa = PBXFileReference; explicitFileType = wrapper.application; includeInIndex = 0; path = EZArt.app; sourceTree = BUILT_PRODUCTS_DIR; };
		642C50492BEA829F007FECBD /* EZArtApp.swift */ = {isa = PBXFileReference; lastKnownFileType = sourcecode.swift; path = EZArtApp.swift; sourceTree = "<group>"; };
		642C504B2BEA829F007FECBD /* ContentView.swift */ = {isa = PBXFileReference; lastKnownFileType = sourcecode.swift; path = ContentView.swift; sourceTree = "<group>"; };
		642C504D2BEA82A1007FECBD /* Assets.xcassets */ = {isa = PBXFileReference; lastKnownFileType = folder.assetcatalog; path = Assets.xcassets; sourceTree = "<group>"; };
		642C50502BEA82A1007FECBD /* Preview Assets.xcassets */ = {isa = PBXFileReference; lastKnownFileType = folder.assetcatalog; path = "Preview Assets.xcassets"; sourceTree = "<group>"; };
		648B38CA2BFE36D1009C3F53 /* Onboarding.swift */ = {isa = PBXFileReference; lastKnownFileType = sourcecode.swift; path = Onboarding.swift; sourceTree = "<group>"; };
		648B38CE2BFE3A09009C3F53 /* Notifications.swift */ = {isa = PBXFileReference; lastKnownFileType = sourcecode.swift; path = Notifications.swift; sourceTree = "<group>"; };
/* End PBXFileReference section */

/* Begin PBXFrameworksBuildPhase section */
		642C50432BEA829F007FECBD /* Frameworks */ = {
			isa = PBXFrameworksBuildPhase;
			buildActionMask = 2147483647;
			files = (
			);
			runOnlyForDeploymentPostprocessing = 0;
		};
/* End PBXFrameworksBuildPhase section */

/* Begin PBXGroup section */
		640A3EF02BFF8CE100B4F758 /* Prompts */ = {
			isa = PBXGroup;
			children = (
				640A3EF12BFF8CED00B4F758 /* PromptManager.swift */,
				640A3EF92BFF96E200B4F758 /* Prompts.swift */,
				640A3F4A2C061DE900B4F758 /* PromptView.swift */,
			);
			path = Prompts;
			sourceTree = "<group>";
		};
		640A3F412C060FE100B4F758 /* Fonts */ = {
			isa = PBXGroup;
			children = (
				640A3F422C060FF200B4F758 /* Chalkboard-Regular.ttf */,
			);
			path = Fonts;
			sourceTree = "<group>";
		};
		640A3F452C06188800B4F758 /* TextSubmissions */ = {
			isa = PBXGroup;
			children = (
				640A3F462C0618A300B4F758 /* EditTextEntryView.swift */,
				640A3F482C061AAB00B4F758 /* TextEntry.swift */,
			);
			path = TextSubmissions;
			sourceTree = "<group>";
		};
		642C503D2BEA829F007FECBD = {
			isa = PBXGroup;
			children = (
				642C50482BEA829F007FECBD /* EZArt */,
				642C50472BEA829F007FECBD /* Products */,
			);
			sourceTree = "<group>";
		};
		642C50472BEA829F007FECBD /* Products */ = {
			isa = PBXGroup;
			children = (
				642C50462BEA829F007FECBD /* EZArt.app */,
			);
			name = Products;
			sourceTree = "<group>";
		};
		642C50482BEA829F007FECBD /* EZArt */ = {
			isa = PBXGroup;
			children = (
				640A3F452C06188800B4F758 /* TextSubmissions */,
				640A3F442C06102300B4F758 /* Info.plist */,
				640A3F412C060FE100B4F758 /* Fonts */,
				640A3EF02BFF8CE100B4F758 /* Prompts */,
				642C50492BEA829F007FECBD /* EZArtApp.swift */,
				642C504B2BEA829F007FECBD /* ContentView.swift */,
				640A3F1D2C00CF6B00B4F758 /* prompts.json */,
				641CCEC22BFA671300830581 /* LoadScreen.swift */,
				642C504D2BEA82A1007FECBD /* Assets.xcassets */,
				642C504F2BEA82A1007FECBD /* Preview Content */,
				648B38CA2BFE36D1009C3F53 /* Onboarding.swift */,
				648B38CE2BFE3A09009C3F53 /* Notifications.swift */,
			);
			path = EZArt;
			sourceTree = "<group>";
		};
		642C504F2BEA82A1007FECBD /* Preview Content */ = {
			isa = PBXGroup;
			children = (
				642C50502BEA82A1007FECBD /* Preview Assets.xcassets */,
			);
			path = "Preview Content";
			sourceTree = "<group>";
		};
/* End PBXGroup section */

/* Begin PBXNativeTarget section */
		642C50452BEA829F007FECBD /* EZArt */ = {
			isa = PBXNativeTarget;
			buildConfigurationList = 642C50542BEA82A1007FECBD /* Build configuration list for PBXNativeTarget "EZArt" */;
			buildPhases = (
				642C50422BEA829F007FECBD /* Sources */,
				642C50432BEA829F007FECBD /* Frameworks */,
				642C50442BEA829F007FECBD /* Resources */,
			);
			buildRules = (
			);
			dependencies = (
			);
			name = EZArt;
			productName = EZArt;
			productReference = 642C50462BEA829F007FECBD /* EZArt.app */;
			productType = "com.apple.product-type.application";
		};
/* End PBXNativeTarget section */

/* Begin PBXProject section */
		642C503E2BEA829F007FECBD /* Project object */ = {
			isa = PBXProject;
			attributes = {
				BuildIndependentTargetsInParallel = 1;
				LastSwiftUpdateCheck = 1530;
				LastUpgradeCheck = 1530;
				TargetAttributes = {
					642C50452BEA829F007FECBD = {
						CreatedOnToolsVersion = 15.3;
					};
				};
			};
			buildConfigurationList = 642C50412BEA829F007FECBD /* Build configuration list for PBXProject "EZArt" */;
			compatibilityVersion = "Xcode 14.0";
			developmentRegion = en;
			hasScannedForEncodings = 0;
			knownRegions = (
				en,
				Base,
			);
			mainGroup = 642C503D2BEA829F007FECBD;
			productRefGroup = 642C50472BEA829F007FECBD /* Products */;
			projectDirPath = "";
			projectRoot = "";
			targets = (
				642C50452BEA829F007FECBD /* EZArt */,
			);
		};
/* End PBXProject section */

/* Begin PBXResourcesBuildPhase section */
		642C50442BEA829F007FECBD /* Resources */ = {
			isa = PBXResourcesBuildPhase;
			buildActionMask = 2147483647;
			files = (
				640A3F432C060FF200B4F758 /* Chalkboard-Regular.ttf in Resources */,
				640A3F1E2C00CF6B00B4F758 /* prompts.json in Resources */,
				642C50512BEA82A1007FECBD /* Preview Assets.xcassets in Resources */,
				642C504E2BEA82A1007FECBD /* Assets.xcassets in Resources */,
			);
			runOnlyForDeploymentPostprocessing = 0;
		};
/* End PBXResourcesBuildPhase section */

/* Begin PBXSourcesBuildPhase section */
		642C50422BEA829F007FECBD /* Sources */ = {
			isa = PBXSourcesBuildPhase;
			buildActionMask = 2147483647;
			files = (
				648B38CF2BFE3A09009C3F53 /* Notifications.swift in Sources */,
				642C504C2BEA829F007FECBD /* ContentView.swift in Sources */,
				642C504A2BEA829F007FECBD /* EZArtApp.swift in Sources */,
				640A3EFA2BFF96E200B4F758 /* Prompts.swift in Sources */,
				640A3F492C061AAB00B4F758 /* TextEntry.swift in Sources */,
				640A3F472C0618A300B4F758 /* EditTextEntryView.swift in Sources */,
				648B38CB2BFE36D1009C3F53 /* Onboarding.swift in Sources */,
				641CCEC32BFA671300830581 /* LoadScreen.swift in Sources */,
				640A3F4B2C061DE900B4F758 /* PromptView.swift in Sources */,
				640A3EF22BFF8CED00B4F758 /* PromptManager.swift in Sources */,
			);
			runOnlyForDeploymentPostprocessing = 0;
		};
/* End PBXSourcesBuildPhase section */

/* Begin XCBuildConfiguration section */
		642C50522BEA82A1007FECBD /* Debug */ = {
			isa = XCBuildConfiguration;
			buildSettings = {
				ALWAYS_SEARCH_USER_PATHS = NO;
				ASSETCATALOG_COMPILER_GENERATE_SWIFT_ASSET_SYMBOL_EXTENSIONS = YES;
				CLANG_ANALYZER_NONNULL = YES;
				CLANG_ANALYZER_NUMBER_OBJECT_CONVERSION = YES_AGGRESSIVE;
				CLANG_CXX_LANGUAGE_STANDARD = "gnu++20";
				CLANG_ENABLE_MODULES = YES;
				CLANG_ENABLE_OBJC_ARC = YES;
				CLANG_ENABLE_OBJC_WEAK = YES;
				CLANG_WARN_BLOCK_CAPTURE_AUTORELEASING = YES;
				CLANG_WARN_BOOL_CONVERSION = YES;
				CLANG_WARN_COMMA = YES;
				CLANG_WARN_CONSTANT_CONVERSION = YES;
				CLANG_WARN_DEPRECATED_OBJC_IMPLEMENTATIONS = YES;
				CLANG_WARN_DIRECT_OBJC_ISA_USAGE = YES_ERROR;
				CLANG_WARN_DOCUMENTATION_COMMENTS = YES;
				CLANG_WARN_EMPTY_BODY = YES;
				CLANG_WARN_ENUM_CONVERSION = YES;
				CLANG_WARN_INFINITE_RECURSION = YES;
				CLANG_WARN_INT_CONVERSION = YES;
				CLANG_WARN_NON_LITERAL_NULL_CONVERSION = YES;
				CLANG_WARN_OBJC_IMPLICIT_RETAIN_SELF = YES;
				CLANG_WARN_OBJC_LITERAL_CONVERSION = YES;
				CLANG_WARN_OBJC_ROOT_CLASS = YES_ERROR;
				CLANG_WARN_QUOTED_INCLUDE_IN_FRAMEWORK_HEADER = YES;
				CLANG_WARN_RANGE_LOOP_ANALYSIS = YES;
				CLANG_WARN_STRICT_PROTOTYPES = YES;
				CLANG_WARN_SUSPICIOUS_MOVE = YES;
				CLANG_WARN_UNGUARDED_AVAILABILITY = YES_AGGRESSIVE;
				CLANG_WARN_UNREACHABLE_CODE = YES;
				CLANG_WARN__DUPLICATE_METHOD_MATCH = YES;
				COPY_PHASE_STRIP = NO;
				DEBUG_INFORMATION_FORMAT = dwarf;
				ENABLE_STRICT_OBJC_MSGSEND = YES;
				ENABLE_TESTABILITY = YES;
				ENABLE_USER_SCRIPT_SANDBOXING = YES;
				GCC_C_LANGUAGE_STANDARD = gnu17;
				GCC_DYNAMIC_NO_PIC = NO;
				GCC_NO_COMMON_BLOCKS = YES;
				GCC_OPTIMIZATION_LEVEL = 0;
				GCC_PREPROCESSOR_DEFINITIONS = (
					"DEBUG=1",
					"$(inherited)",
				);
				GCC_WARN_64_TO_32_BIT_CONVERSION = YES;
				GCC_WARN_ABOUT_RETURN_TYPE = YES_ERROR;
				GCC_WARN_UNDECLARED_SELECTOR = YES;
				GCC_WARN_UNINITIALIZED_AUTOS = YES_AGGRESSIVE;
				GCC_WARN_UNUSED_FUNCTION = YES;
				GCC_WARN_UNUSED_VARIABLE = YES;
				IPHONEOS_DEPLOYMENT_TARGET = 17.4;
				LOCALIZATION_PREFERS_STRING_CATALOGS = YES;
				MTL_ENABLE_DEBUG_INFO = INCLUDE_SOURCE;
				MTL_FAST_MATH = YES;
				ONLY_ACTIVE_ARCH = YES;
				SDKROOT = iphoneos;
				SWIFT_ACTIVE_COMPILATION_CONDITIONS = "DEBUG $(inherited)";
				SWIFT_OPTIMIZATION_LEVEL = "-Onone";
			};
			name = Debug;
		};
		642C50532BEA82A1007FECBD /* Release */ = {
			isa = XCBuildConfiguration;
			buildSettings = {
				ALWAYS_SEARCH_USER_PATHS = NO;
				ASSETCATALOG_COMPILER_GENERATE_SWIFT_ASSET_SYMBOL_EXTENSIONS = YES;
				CLANG_ANALYZER_NONNULL = YES;
				CLANG_ANALYZER_NUMBER_OBJECT_CONVERSION = YES_AGGRESSIVE;
				CLANG_CXX_LANGUAGE_STANDARD = "gnu++20";
				CLANG_ENABLE_MODULES = YES;
				CLANG_ENABLE_OBJC_ARC = YES;
				CLANG_ENABLE_OBJC_WEAK = YES;
				CLANG_WARN_BLOCK_CAPTURE_AUTORELEASING = YES;
				CLANG_WARN_BOOL_CONVERSION = YES;
				CLANG_WARN_COMMA = YES;
				CLANG_WARN_CONSTANT_CONVERSION = YES;
				CLANG_WARN_DEPRECATED_OBJC_IMPLEMENTATIONS = YES;
				CLANG_WARN_DIRECT_OBJC_ISA_USAGE = YES_ERROR;
				CLANG_WARN_DOCUMENTATION_COMMENTS = YES;
				CLANG_WARN_EMPTY_BODY = YES;
				CLANG_WARN_ENUM_CONVERSION = YES;
				CLANG_WARN_INFINITE_RECURSION = YES;
				CLANG_WARN_INT_CONVERSION = YES;
				CLANG_WARN_NON_LITERAL_NULL_CONVERSION = YES;
				CLANG_WARN_OBJC_IMPLICIT_RETAIN_SELF = YES;
				CLANG_WARN_OBJC_LITERAL_CONVERSION = YES;
				CLANG_WARN_OBJC_ROOT_CLASS = YES_ERROR;
				CLANG_WARN_QUOTED_INCLUDE_IN_FRAMEWORK_HEADER = YES;
				CLANG_WARN_RANGE_LOOP_ANALYSIS = YES;
				CLANG_WARN_STRICT_PROTOTYPES = YES;
				CLANG_WARN_SUSPICIOUS_MOVE = YES;
				CLANG_WARN_UNGUARDED_AVAILABILITY = YES_AGGRESSIVE;
				CLANG_WARN_UNREACHABLE_CODE = YES;
				CLANG_WARN__DUPLICATE_METHOD_MATCH = YES;
				COPY_PHASE_STRIP = NO;
				DEBUG_INFORMATION_FORMAT = "dwarf-with-dsym";
				ENABLE_NS_ASSERTIONS = NO;
				ENABLE_STRICT_OBJC_MSGSEND = YES;
				ENABLE_USER_SCRIPT_SANDBOXING = YES;
				GCC_C_LANGUAGE_STANDARD = gnu17;
				GCC_NO_COMMON_BLOCKS = YES;
				GCC_WARN_64_TO_32_BIT_CONVERSION = YES;
				GCC_WARN_ABOUT_RETURN_TYPE = YES_ERROR;
				GCC_WARN_UNDECLARED_SELECTOR = YES;
				GCC_WARN_UNINITIALIZED_AUTOS = YES_AGGRESSIVE;
				GCC_WARN_UNUSED_FUNCTION = YES;
				GCC_WARN_UNUSED_VARIABLE = YES;
				IPHONEOS_DEPLOYMENT_TARGET = 17.4;
				LOCALIZATION_PREFERS_STRING_CATALOGS = YES;
				MTL_ENABLE_DEBUG_INFO = NO;
				MTL_FAST_MATH = YES;
				SDKROOT = iphoneos;
				SWIFT_COMPILATION_MODE = wholemodule;
				VALIDATE_PRODUCT = YES;
			};
			name = Release;
		};
		642C50552BEA82A1007FECBD /* Debug */ = {
			isa = XCBuildConfiguration;
			buildSettings = {
				ASSETCATALOG_COMPILER_APPICON_NAME = AppIcon;
				ASSETCATALOG_COMPILER_GLOBAL_ACCENT_COLOR_NAME = AccentColor;
				CODE_SIGN_STYLE = Automatic;
				CURRENT_PROJECT_VERSION = 1;
				DEVELOPMENT_ASSET_PATHS = "\"EZArt/Preview Content\"";
				DEVELOPMENT_TEAM = TUWHXK4PT2;
				ENABLE_PREVIEWS = YES;
				GENERATE_INFOPLIST_FILE = YES;
				INFOPLIST_FILE = EZArt/Info.plist;
				INFOPLIST_KEY_UIApplicationSceneManifest_Generation = YES;
				INFOPLIST_KEY_UIApplicationSupportsIndirectInputEvents = YES;
				INFOPLIST_KEY_UILaunchScreen_Generation = YES;
				INFOPLIST_KEY_UISupportedInterfaceOrientations_iPad = "UIInterfaceOrientationPortrait UIInterfaceOrientationPortraitUpsideDown UIInterfaceOrientationLandscapeLeft UIInterfaceOrientationLandscapeRight";
				INFOPLIST_KEY_UISupportedInterfaceOrientations_iPhone = "UIInterfaceOrientationPortrait UIInterfaceOrientationLandscapeLeft UIInterfaceOrientationLandscapeRight";
				LD_RUNPATH_SEARCH_PATHS = (
					"$(inherited)",
					"@executable_path/Frameworks",
				);
				MARKETING_VERSION = 1.0;
				PRODUCT_BUNDLE_IDENTIFIER = academy.EZArt;
				PRODUCT_NAME = "$(TARGET_NAME)";
				SWIFT_EMIT_LOC_STRINGS = YES;
				SWIFT_VERSION = 5.0;
				TARGETED_DEVICE_FAMILY = "1,2";
			};
			name = Debug;
		};
		642C50562BEA82A1007FECBD /* Release */ = {
			isa = XCBuildConfiguration;
			buildSettings = {
				ASSETCATALOG_COMPILER_APPICON_NAME = AppIcon;
				ASSETCATALOG_COMPILER_GLOBAL_ACCENT_COLOR_NAME = AccentColor;
				CODE_SIGN_STYLE = Automatic;
				CURRENT_PROJECT_VERSION = 1;
				DEVELOPMENT_ASSET_PATHS = "\"EZArt/Preview Content\"";
				DEVELOPMENT_TEAM = TUWHXK4PT2;
				ENABLE_PREVIEWS = YES;
				GENERATE_INFOPLIST_FILE = YES;
				INFOPLIST_FILE = EZArt/Info.plist;
				INFOPLIST_KEY_UIApplicationSceneManifest_Generation = YES;
				INFOPLIST_KEY_UIApplicationSupportsIndirectInputEvents = YES;
				INFOPLIST_KEY_UILaunchScreen_Generation = YES;
				INFOPLIST_KEY_UISupportedInterfaceOrientations_iPad = "UIInterfaceOrientationPortrait UIInterfaceOrientationPortraitUpsideDown UIInterfaceOrientationLandscapeLeft UIInterfaceOrientationLandscapeRight";
				INFOPLIST_KEY_UISupportedInterfaceOrientations_iPhone = "UIInterfaceOrientationPortrait UIInterfaceOrientationLandscapeLeft UIInterfaceOrientationLandscapeRight";
				LD_RUNPATH_SEARCH_PATHS = (
					"$(inherited)",
					"@executable_path/Frameworks",
				);
				MARKETING_VERSION = 1.0;
				PRODUCT_BUNDLE_IDENTIFIER = academy.EZArt;
				PRODUCT_NAME = "$(TARGET_NAME)";
				SWIFT_EMIT_LOC_STRINGS = YES;
				SWIFT_VERSION = 5.0;
				TARGETED_DEVICE_FAMILY = "1,2";
			};
			name = Release;
		};
/* End XCBuildConfiguration section */

/* Begin XCConfigurationList section */
		642C50412BEA829F007FECBD /* Build configuration list for PBXProject "EZArt" */ = {
			isa = XCConfigurationList;
			buildConfigurations = (
				642C50522BEA82A1007FECBD /* Debug */,
				642C50532BEA82A1007FECBD /* Release */,
			);
			defaultConfigurationIsVisible = 0;
			defaultConfigurationName = Release;
		};
		642C50542BEA82A1007FECBD /* Build configuration list for PBXNativeTarget "EZArt" */ = {
			isa = XCConfigurationList;
			buildConfigurations = (
				642C50552BEA82A1007FECBD /* Debug */,
				642C50562BEA82A1007FECBD /* Release */,
			);
			defaultConfigurationIsVisible = 0;
			defaultConfigurationName = Release;
		};
/* End XCConfigurationList section */
	};
	rootObject = 642C503E2BEA829F007FECBD /* Project object */;
}
